
Microsoft Visual Studio Solution File, Format Version 12.00
# Visual Studio Version 17
VisualStudioVersion = 17.10.35013.160
MinimumVisualStudioVersion = 10.0.40219.1
Project("{FAE04EC0-301F-11D3-BF4B-00C04F79EFBC}") = "Project1_AdonetCustomer", "Project1_AdonetCustomer\Project1_AdonetCustomer.csproj", "{953F466F-5E1D-41E7-8B49-1E93E2B6BB27}"
EndProject
Project("{FAE04EC0-301F-11D3-BF4B-00C04F79EFBC}") = "Project2_EntiryFrameWorkDbFirstProduct", "Project2_EntiryFrameWorkDbFirstProduct\Project2_EntiryFrameWorkDbFirstProduct.csproj", "{B1838375-BDB8-4493-BF42-C14E5D12B5B5}"
EndProject
Project("{FAE04EC0-301F-11D3-BF4B-00C04F79EFBC}") = "Project3_EntityFrameworkStatistics", "Project3_EntityFrameworkStatistics\Project3_EntityFrameworkStatistics.csproj", "{BD74F1CB-54FC-469B-A46B-C0650D122BA2}"
EndProject
Project("{FAE04EC0-301F-11D3-BF4B-00C04F79EFBC}") = "Project4_EntityFrameworkCodeFirstMovie", "Project4_EntityFrameworkCodeFirstMovie\Project4_EntityFrameworkCodeFirstMovie.csproj", "{D7712D58-DDC0-4587-88B8-45FF7CC8B6B1}"
EndProject
Project("{FAE04EC0-301F-11D3-BF4B-00C04F79EFBC}") = "Project5_DapperNorthwind", "Project5_DapperNorthwind\Project5_DapperNorthwind.csproj", "{56AEDF31-3FD3-4123-80AF-2614DDDB9864}"
EndProject
Project("{9A19103F-16F7-4668-BE54-9A1E7A4F7556}") = "Project6_ApiWeather", "Project6_ApiWeather\Project6_ApiWeather.csproj", "{28343B61-8CD1-44FB-9703-4F8E8299F67F}"
EndProject
Project("{FAE04EC0-301F-11D3-BF4B-00C04F79EFBC}") = "Project7_ApiWeatherConsume", "Project7_ApiWeatherConsume\Project7_ApiWeatherConsume.csproj", "{7EE62470-76D4-46BA-B069-0C4B4CEBE086}"
EndProject
Global
	GlobalSection(SolutionConfigurationPlatforms) = preSolution
		Debug|Any CPU = Debug|Any CPU
		Release|Any CPU = Release|Any CPU
	EndGlobalSection
	GlobalSection(ProjectConfigurationPlatforms) = postSolution
		{953F466F-5E1D-41E7-8B49-1E93E2B6BB27}.Debug|Any CPU.ActiveCfg = Debug|Any CPU
		{953F466F-5E1D-41E7-8B49-1E93E2B6BB27}.Debug|Any CPU.Build.0 = Debug|Any CPU
		{953F466F-5E1D-41E7-8B49-1E93E2B6BB27}.Release|Any CPU.ActiveCfg = Release|Any CPU
		{953F466F-5E1D-41E7-8B49-1E93E2B6BB27}.Release|Any CPU.Build.0 = Release|Any CPU
		{B1838375-BDB8-4493-BF42-C14E5D12B5B5}.Debug|Any CPU.ActiveCfg = Debug|Any CPU
		{B1838375-BDB8-4493-BF42-C14E5D12B5B5}.Debug|Any CPU.Build.0 = Debug|Any CPU
		{B1838375-BDB8-4493-BF42-C14E5D12B5B5}.Release|Any CPU.ActiveCfg = Release|Any CPU
		{B1838375-BDB8-4493-BF42-C14E5D12B5B5}.Release|Any CPU.Build.0 = Release|Any CPU
		{BD74F1CB-54FC-469B-A46B-C0650D122BA2}.Debug|Any CPU.ActiveCfg = Debug|Any CPU
		{BD74F1CB-54FC-469B-A46B-C0650D122BA2}.Debug|Any CPU.Build.0 = Debug|Any CPU
		{BD74F1CB-54FC-469B-A46B-C0650D122BA2}.Release|Any CPU.ActiveCfg = Release|Any CPU
		{BD74F1CB-54FC-469B-A46B-C0650D122BA2}.Release|Any CPU.Build.0 = Release|Any CPU
		{D7712D58-DDC0-4587-88B8-45FF7CC8B6B1}.Debug|Any CPU.ActiveCfg = Debug|Any CPU
		{D7712D58-DDC0-4587-88B8-45FF7CC8B6B1}.Debug|Any CPU.Build.0 = Debug|Any CPU
		{D7712D58-DDC0-4587-88B8-45FF7CC8B6B1}.Release|Any CPU.ActiveCfg = Release|Any CPU
		{D7712D58-DDC0-4587-88B8-45FF7CC8B6B1}.Release|Any CPU.Build.0 = Release|Any CPU
		{56AEDF31-3FD3-4123-80AF-2614DDDB9864}.Debug|Any CPU.ActiveCfg = Debug|Any CPU
		{56AEDF31-3FD3-4123-80AF-2614DDDB9864}.Debug|Any CPU.Build.0 = Debug|Any CPU
		{56AEDF31-3FD3-4123-80AF-2614DDDB9864}.Release|Any CPU.ActiveCfg = Release|Any CPU
		{56AEDF31-3FD3-4123-80AF-2614DDDB9864}.Release|Any CPU.Build.0 = Release|Any CPU
		{28343B61-8CD1-44FB-9703-4F8E8299F67F}.Debug|Any CPU.ActiveCfg = Debug|Any CPU
		{28343B61-8CD1-44FB-9703-4F8E8299F67F}.Debug|Any CPU.Build.0 = Debug|Any CPU
		{28343B61-8CD1-44FB-9703-4F8E8299F67F}.Release|Any CPU.ActiveCfg = Release|Any CPU
		{28343B61-8CD1-44FB-9703-4F8E8299F67F}.Release|Any CPU.Build.0 = Release|Any CPU
		{7EE62470-76D4-46BA-B069-0C4B4CEBE086}.Debug|Any CPU.ActiveCfg = Debug|Any CPU
		{7EE62470-76D4-46BA-B069-0C4B4CEBE086}.Debug|Any CPU.Build.0 = Debug|Any CPU
		{7EE62470-76D4-46BA-B069-0C4B4CEBE086}.Release|Any CPU.ActiveCfg = Release|Any CPU
		{7EE62470-76D4-46BA-B069-0C4B4CEBE086}.Release|Any CPU.Build.0 = Release|Any CPU
	EndGlobalSection
	GlobalSection(SolutionProperties) = preSolution
		HideSolutionNode = FALSE
	EndGlobalSection
	GlobalSection(ExtensibilityGlobals) = postSolution
		SolutionGuid = {8E8E5433-F302-49DB-9499-BB0DE0C0D1B1}
	EndGlobalSection
EndGlobal
